
Microsoft Visual Studio Solution File, Format Version 12.00
# Visual Studio 15
VisualStudioVersion = 15.0.26730.16
MinimumVisualStudioVersion = 10.0.40219.1
Project("{FAE04EC0-301F-11D3-BF4B-00C04F79EFBC}") = "DemoLibrary", "DemoLibrary\DemoLibrary.csproj", "{53627AC7-FE26-4CBB-B859-EA9EEFFDE890}"
EndProject
Project("{FAE04EC0-301F-11D3-BF4B-00C04F79EFBC}") = "Server", "Server\Server.csproj", "{1062EF28-CA18-48D6-B5E8-772E5656AE9F}"
EndProject
Project("{FAE04EC0-301F-11D3-BF4B-00C04F79EFBC}") = "Client", "Client\Client.csproj", "{ED2A69F8-D975-4376-B48E-08F022E678D4}"
EndProject
Global
	GlobalSection(SolutionConfigurationPlatforms) = preSolution
		Debug|Any CPU = Debug|Any CPU
		Release|Any CPU = Release|Any CPU
	EndGlobalSection
	GlobalSection(ProjectConfigurationPlatforms) = postSolution
		{53627AC7-FE26-4CBB-B859-EA9EEFFDE890}.Debug|Any CPU.ActiveCfg = Debug|Any CPU
		{53627AC7-FE26-4CBB-B859-EA9EEFFDE890}.Debug|Any CPU.Build.0 = Debug|Any CPU
		{53627AC7-FE26-4CBB-B859-EA9EEFFDE890}.Release|Any CPU.ActiveCfg = Release|Any CPU
		{53627AC7-FE26-4CBB-B859-EA9EEFFDE890}.Release|Any CPU.Build.0 = Release|Any CPU
		{1062EF28-CA18-48D6-B5E8-772E5656AE9F}.Debug|Any CPU.ActiveCfg = Debug|Any CPU
		{1062EF28-CA18-48D6-B5E8-772E5656AE9F}.Debug|Any CPU.Build.0 = Debug|Any CPU
		{1062EF28-CA18-48D6-B5E8-772E5656AE9F}.Release|Any CPU.ActiveCfg = Release|Any CPU
		{1062EF28-CA18-48D6-B5E8-772E5656AE9F}.Release|Any CPU.Build.0 = Release|Any CPU
		{ED2A69F8-D975-4376-B48E-08F022E678D4}.Debug|Any CPU.ActiveCfg = Debug|Any CPU
		{ED2A69F8-D975-4376-B48E-08F022E678D4}.Debug|Any CPU.Build.0 = Debug|Any CPU
		{ED2A69F8-D975-4376-B48E-08F022E678D4}.Release|Any CPU.ActiveCfg = Release|Any CPU
		{ED2A69F8-D975-4376-B48E-08F022E678D4}.Release|Any CPU.Build.0 = Release|Any CPU
	EndGlobalSection
	GlobalSection(SolutionProperties) = preSolution
		HideSolutionNode = FALSE
	EndGlobalSection
	GlobalSection(ExtensibilityGlobals) = postSolution
		SolutionGuid = {A5A8BE7C-1CB8-425B-AD23-77E34F27B8CE}
	EndGlobalSection
EndGlobal
